
Microsoft Visual Studio Solution File, Format Version 12.00
# Visual Studio Version 16
VisualStudioVersion = 16.0.30517.126
MinimumVisualStudioVersion = 10.0.40219.1
Project("{FAE04EC0-301F-11D3-BF4B-00C04F79EFBC}") = "CAI-ejercicio-integrador", "CAI-ejercicio-integrador\CAI-ejercicio-integrador.csproj", "{C701E328-9CCD-4F46-93D3-95829CD55CDD}"
	ProjectSection(ProjectDependencies) = postProject
		{8B00E624-D31C-44D4-A5FB-DD8D4785CEFD} = {8B00E624-D31C-44D4-A5FB-DD8D4785CEFD}
	EndProjectSection
EndProject
Project("{FAE04EC0-301F-11D3-BF4B-00C04F79EFBC}") = "Entidades", "Entidades\Entidades.csproj", "{8B00E624-D31C-44D4-A5FB-DD8D4785CEFD}"
EndProject
Global
	GlobalSection(SolutionConfigurationPlatforms) = preSolution
		Debug|Any CPU = Debug|Any CPU
		Release|Any CPU = Release|Any CPU
	EndGlobalSection
	GlobalSection(ProjectConfigurationPlatforms) = postSolution
		{C701E328-9CCD-4F46-93D3-95829CD55CDD}.Debug|Any CPU.ActiveCfg = Debug|Any CPU
		{C701E328-9CCD-4F46-93D3-95829CD55CDD}.Debug|Any CPU.Build.0 = Debug|Any CPU
		{C701E328-9CCD-4F46-93D3-95829CD55CDD}.Release|Any CPU.ActiveCfg = Release|Any CPU
		{C701E328-9CCD-4F46-93D3-95829CD55CDD}.Release|Any CPU.Build.0 = Release|Any CPU
		{8B00E624-D31C-44D4-A5FB-DD8D4785CEFD}.Debug|Any CPU.ActiveCfg = Debug|Any CPU
		{8B00E624-D31C-44D4-A5FB-DD8D4785CEFD}.Debug|Any CPU.Build.0 = Debug|Any CPU
		{8B00E624-D31C-44D4-A5FB-DD8D4785CEFD}.Release|Any CPU.ActiveCfg = Release|Any CPU
		{8B00E624-D31C-44D4-A5FB-DD8D4785CEFD}.Release|Any CPU.Build.0 = Release|Any CPU
	EndGlobalSection
	GlobalSection(SolutionProperties) = preSolution
		HideSolutionNode = FALSE
	EndGlobalSection
	GlobalSection(ExtensibilityGlobals) = postSolution
		SolutionGuid = {6A9D55DD-B44D-4925-890A-7482AC0399B2}
	EndGlobalSection
EndGlobal
